# THIS IS AN AUTOGENERATED FILE. DO NOT EDIT THIS FILE DIRECTLY.
# yarn lockfile v1


"@xstate/react@^3.1.0":
  version "3.1.0"
  resolved "https://registry.yarnpkg.com/@xstate/react/-/react-3.1.0.tgz#4dd17951d34ab79d8aa9fe2fdf8141f30e025ac2"
  integrity sha512-S4ZxnV13k+D22G85gMgEVUaOZscfkMJjM5PwN+a6g888Ubu+brD7e6kTxPG7aDKYC5PkRvxKxcxAQGviT3v/pQ==
  dependencies:
    use-isomorphic-layout-effect "^1.0.0"
    use-sync-external-store "^1.0.0"

use-isomorphic-layout-effect@^1.0.0:
  version "1.1.2"
  resolved "https://registry.yarnpkg.com/use-isomorphic-layout-effect/-/use-isomorphic-layout-effect-1.1.2.tgz#497cefb13d863d687b08477d9e5a164ad8c1a6fb"
  integrity sha512-49L8yCO3iGT/ZF9QttjwLF/ZD9Iwto5LnH5LmEdk/6cFmXddqi2ulF0edxTwjj+7mqvpVVGQWvbXZdn32wRSHA==

use-sync-external-store@^1.0.0:
  version "1.2.0"
  resolved "https://registry.yarnpkg.com/use-sync-external-store/-/use-sync-external-store-1.2.0.tgz#7dbefd6ef3fe4e767a0cf5d7287aacfb5846928a"
  integrity sha512-eEgnFxGQ1Ife9bzYs6VLi8/4X6CObHMw9Qr9tPY43iKwsPw8xE8+EFsf/2cFZ5S3esXgpWgtSCtLNS41F+sKPA==

xstate@^4.35.3:
  version "4.35.3"
  resolved "https://registry.yarnpkg.com/xstate/-/xstate-4.35.3.tgz#57de0c65bbcb6752a97434a48f749ed374c2bad2"
  integrity sha512-/vM8la6OPcmT2P4R8p37P/Pzo8fTeEjvg+lxCfQ7vTeJg6NmzPHDJ5RdlrGfojEIabMxKW22Tm2kz8oV390Awg==
