# This file is generated by running "yarn install" inside your project.
# Manual changes might be lost - proceed with caution!

__metadata:
  version: 6
  cacheKey: 8

"@xstate/react@npm:^3.1.0":
  version: 3.1.0
  resolution: "@xstate/react@npm:3.1.0"
  dependencies:
    use-isomorphic-layout-effect: ^1.0.0
    use-sync-external-store: ^1.0.0
  peerDependencies:
    "@xstate/fsm": ^2.0.0
    react: ^16.8.0 || ^17.0.0 || ^18.0.0
    xstate: ^4.35.3
  peerDependenciesMeta:
    "@xstate/fsm":
      optional: true
    xstate:
      optional: true
  checksum: 4426ab8a4758189abe7db120da69b9d9c565274ff5af29902959e16578ed14566ac91daeffa24b7e028c3c5745b046e15cd1f9a1b2dde69ef903a0151c2dbad3
  languageName: node
  linkType: hard

"root-workspace-0b6124@workspace:.":
  version: 0.0.0-use.local
  resolution: "root-workspace-0b6124@workspace:."
  dependencies:
    "@xstate/react": ^3.1.0
    xstate: ^4.35.3
  languageName: unknown
  linkType: soft

"use-isomorphic-layout-effect@npm:^1.0.0":
  version: 1.1.2
  resolution: "use-isomorphic-layout-effect@npm:1.1.2"
  peerDependencies:
    react: ^16.8.0 || ^17.0.0 || ^18.0.0
  peerDependenciesMeta:
    "@types/react":
      optional: true
  checksum: a6532f7fc9ae222c3725ff0308aaf1f1ddbd3c00d685ef9eee6714fd0684de5cb9741b432fbf51e61a784e2955424864f7ea9f99734a02f237b17ad3e18ea5cb
  languageName: node
  linkType: hard

"use-sync-external-store@npm:^1.0.0":
  version: 1.2.0
  resolution: "use-sync-external-store@npm:1.2.0"
  peerDependencies:
    react: ^16.8.0 || ^17.0.0 || ^18.0.0
  checksum: 5c639e0f8da3521d605f59ce5be9e094ca772bd44a4ce7322b055a6f58eeed8dda3c94cabd90c7a41fb6fa852210092008afe48f7038792fd47501f33299116a
  languageName: node
  linkType: hard

"xstate@npm:^4.35.3":
  version: 4.35.3
  resolution: "xstate@npm:4.35.3"
  checksum: 0e5247971e2bbd0409fc20c94422016933b61fd9029ae5f40faadd38764d53557bd7b20b28bf626f1d0889d3a5c7d70c77ae4b812a7b86a984ecf763265c9fa7
  languageName: node
  linkType: hard
